
Microsoft Visual Studio Solution File, Format Version 12.00
# Visual Studio Version 16
VisualStudioVersion = 16.0.30413.136
MinimumVisualStudioVersion = 10.0.40219.1
Project("{FAE04EC0-301F-11D3-BF4B-00C04F79EFBC}") = "ExpirarVaga", "ExpirarVaga\ExpirarVaga.csproj", "{B91E4B09-A166-48DD-AA4F-BA334ABD384F}"
EndProject
Global
	GlobalSection(SolutionConfigurationPlatforms) = preSolution
		Debug|Any CPU = Debug|Any CPU
		Release|Any CPU = Release|Any CPU
	EndGlobalSection
	GlobalSection(ProjectConfigurationPlatforms) = postSolution
		{B91E4B09-A166-48DD-AA4F-BA334ABD384F}.Debug|Any CPU.ActiveCfg = Debug|Any CPU
		{B91E4B09-A166-48DD-AA4F-BA334ABD384F}.Debug|Any CPU.Build.0 = Debug|Any CPU
		{B91E4B09-A166-48DD-AA4F-BA334ABD384F}.Release|Any CPU.ActiveCfg = Release|Any CPU
		{B91E4B09-A166-48DD-AA4F-BA334ABD384F}.Release|Any CPU.Build.0 = Release|Any CPU
	EndGlobalSection
	GlobalSection(SolutionProperties) = preSolution
		HideSolutionNode = FALSE
	EndGlobalSection
	GlobalSection(ExtensibilityGlobals) = postSolution
		SolutionGuid = {1E32DE43-9982-4179-8DB5-710EDA0E3797}
	EndGlobalSection
EndGlobal
